Microsoft Visual Studio Solution File, Format Version 12.00
# Visual Studio Version 16
VisualStudioVersion = 16.0.0.0
MinimumVisualStudioVersion = 16.0.0.0
Project("{9A19103F-16F7-4668-BE54-9A1E7A4F7556}") = "PlanetSalvator.Web.Server", "Server\PlanetSalvator.Web.Server.csproj", "{5DACB235-99E7-45C5-B924-99C36E9E44B3}"
EndProject
Project("{9A19103F-16F7-4668-BE54-9A1E7A4F7556}") = "PlanetSalvator.Web.Client", "Client\PlanetSalvator.Web.Client.csproj", "{6FADFC52-B0C3-458B-AB1C-522F45E96729}"
EndProject
Project("{9A19103F-16F7-4668-BE54-9A1E7A4F7556}") = "PlanetSalvator.Web.Shared", "Shared\PlanetSalvator.Web.Shared.csproj", "{C102319D-51D1-4326-8A76-B013B9A126AD}"
EndProject
Global
	GlobalSection(SolutionConfigurationPlatforms) = preSolution
		Debug|Any CPU = Debug|Any CPU
		Debug|x64 = Debug|x64
		Debug|x86 = Debug|x86
		Release|Any CPU = Release|Any CPU
		Release|x64 = Release|x64
		Release|x86 = Release|x86
	EndGlobalSection
	GlobalSection(ProjectConfigurationPlatforms) = postSolution
		{6FADFC52-B0C3-458B-AB1C-522F45E96729}.Debug|Any CPU.ActiveCfg = Debug|Any CPU
		{6FADFC52-B0C3-458B-AB1C-522F45E96729}.Debug|Any CPU.Build.0 = Debug|Any CPU
		{6FADFC52-B0C3-458B-AB1C-522F45E96729}.Debug|x64.ActiveCfg = Debug|Any CPU
		{6FADFC52-B0C3-458B-AB1C-522F45E96729}.Debug|x64.Build.0 = Debug|Any CPU
		{6FADFC52-B0C3-458B-AB1C-522F45E96729}.Debug|x86.ActiveCfg = Debug|Any CPU
		{6FADFC52-B0C3-458B-AB1C-522F45E96729}.Debug|x86.Build.0 = Debug|Any CPU
		{6FADFC52-B0C3-458B-AB1C-522F45E96729}.Release|Any CPU.ActiveCfg = Release|Any CPU
		{6FADFC52-B0C3-458B-AB1C-522F45E96729}.Release|Any CPU.Build.0 = Release|Any CPU
		{6FADFC52-B0C3-458B-AB1C-522F45E96729}.Release|x64.ActiveCfg = Release|Any CPU
		{6FADFC52-B0C3-458B-AB1C-522F45E96729}.Release|x64.Build.0 = Release|Any CPU
		{6FADFC52-B0C3-458B-AB1C-522F45E96729}.Release|x86.ActiveCfg = Release|Any CPU
		{6FADFC52-B0C3-458B-AB1C-522F45E96729}.Release|x86.Build.0 = Release|Any CPU
		{5DACB235-99E7-45C5-B924-99C36E9E44B3}.Debug|Any CPU.ActiveCfg = Debug|Any CPU
		{5DACB235-99E7-45C5-B924-99C36E9E44B3}.Debug|Any CPU.Build.0 = Debug|Any CPU
		{5DACB235-99E7-45C5-B924-99C36E9E44B3}.Debug|x64.ActiveCfg = Debug|Any CPU
		{5DACB235-99E7-45C5-B924-99C36E9E44B3}.Debug|x64.Build.0 = Debug|Any CPU
		{5DACB235-99E7-45C5-B924-99C36E9E44B3}.Debug|x86.ActiveCfg = Debug|Any CPU
		{5DACB235-99E7-45C5-B924-99C36E9E44B3}.Debug|x86.Build.0 = Debug|Any CPU
		{5DACB235-99E7-45C5-B924-99C36E9E44B3}.Release|Any CPU.ActiveCfg = Release|Any CPU
		{5DACB235-99E7-45C5-B924-99C36E9E44B3}.Release|Any CPU.Build.0 = Release|Any CPU
		{5DACB235-99E7-45C5-B924-99C36E9E44B3}.Release|x64.ActiveCfg = Release|Any CPU
		{5DACB235-99E7-45C5-B924-99C36E9E44B3}.Release|x64.Build.0 = Release|Any CPU
		{5DACB235-99E7-45C5-B924-99C36E9E44B3}.Release|x86.ActiveCfg = Release|Any CPU
		{5DACB235-99E7-45C5-B924-99C36E9E44B3}.Release|x86.Build.0 = Release|Any CPU
		{C102319D-51D1-4326-8A76-B013B9A126AD}.Debug|Any CPU.ActiveCfg = Debug|Any CPU
		{C102319D-51D1-4326-8A76-B013B9A126AD}.Debug|Any CPU.Build.0 = Debug|Any CPU
		{C102319D-51D1-4326-8A76-B013B9A126AD}.Debug|x64.ActiveCfg = Debug|Any CPU
		{C102319D-51D1-4326-8A76-B013B9A126AD}.Debug|x64.Build.0 = Debug|Any CPU
		{C102319D-51D1-4326-8A76-B013B9A126AD}.Debug|x86.ActiveCfg = Debug|Any CPU
		{C102319D-51D1-4326-8A76-B013B9A126AD}.Debug|x86.Build.0 = Debug|Any CPU
		{C102319D-51D1-4326-8A76-B013B9A126AD}.Release|Any CPU.ActiveCfg = Release|Any CPU
		{C102319D-51D1-4326-8A76-B013B9A126AD}.Release|Any CPU.Build.0 = Release|Any CPU
		{C102319D-51D1-4326-8A76-B013B9A126AD}.Release|x64.ActiveCfg = Release|Any CPU
		{C102319D-51D1-4326-8A76-B013B9A126AD}.Release|x64.Build.0 = Release|Any CPU
		{C102319D-51D1-4326-8A76-B013B9A126AD}.Release|x86.ActiveCfg = Release|Any CPU
		{C102319D-51D1-4326-8A76-B013B9A126AD}.Release|x86.Build.0 = Release|Any CPU
	EndGlobalSection
	GlobalSection(SolutionProperties) = preSolution
		HideSolutionNode = FALSE
	EndGlobalSection
	GlobalSection(ExtensibilityGlobals) = postSolution
		SolutionGuid = {E2D1B1EE-5EBA-4B99-8B64-3EBB6567DC2B}
	EndGlobalSection
EndGlobal