
Microsoft Visual Studio Solution File, Format Version 12.00
# Visual Studio Version 17
VisualStudioVersion = 17.2.32210.308
MinimumVisualStudioVersion = 10.0.40219.1
Project("{FAE04EC0-301F-11D3-BF4B-00C04F79EFBC}") = "PlanetSalvator.Server", "PlanetSalvator\Server\PlanetSalvator.Server.csproj", "{F07954C1-03AF-4398-9B62-8E9B85EAB43E}"
EndProject
Project("{FAE04EC0-301F-11D3-BF4B-00C04F79EFBC}") = "PlanetSalvator.Client", "PlanetSalvator\Client\PlanetSalvator.Client.csproj", "{C6E5555A-92D4-4D04-8CF4-0AE43D172444}"
EndProject
Project("{FAE04EC0-301F-11D3-BF4B-00C04F79EFBC}") = "PlanetSalvator.Shared", "PlanetSalvator\Shared\PlanetSalvator.Shared.csproj", "{6AB134CB-6F06-4857-909B-B29554F188D4}"
EndProject
Global
	GlobalSection(SolutionConfigurationPlatforms) = preSolution
		Debug|Any CPU = Debug|Any CPU
		Release|Any CPU = Release|Any CPU
	EndGlobalSection
	GlobalSection(ProjectConfigurationPlatforms) = postSolution
		{F07954C1-03AF-4398-9B62-8E9B85EAB43E}.Debug|Any CPU.ActiveCfg = Debug|Any CPU
		{F07954C1-03AF-4398-9B62-8E9B85EAB43E}.Debug|Any CPU.Build.0 = Debug|Any CPU
		{F07954C1-03AF-4398-9B62-8E9B85EAB43E}.Release|Any CPU.ActiveCfg = Release|Any CPU
		{F07954C1-03AF-4398-9B62-8E9B85EAB43E}.Release|Any CPU.Build.0 = Release|Any CPU
		{C6E5555A-92D4-4D04-8CF4-0AE43D172444}.Debug|Any CPU.ActiveCfg = Debug|Any CPU
		{C6E5555A-92D4-4D04-8CF4-0AE43D172444}.Debug|Any CPU.Build.0 = Debug|Any CPU
		{C6E5555A-92D4-4D04-8CF4-0AE43D172444}.Release|Any CPU.ActiveCfg = Release|Any CPU
		{C6E5555A-92D4-4D04-8CF4-0AE43D172444}.Release|Any CPU.Build.0 = Release|Any CPU
		{6AB134CB-6F06-4857-909B-B29554F188D4}.Debug|Any CPU.ActiveCfg = Debug|Any CPU
		{6AB134CB-6F06-4857-909B-B29554F188D4}.Debug|Any CPU.Build.0 = Debug|Any CPU
		{6AB134CB-6F06-4857-909B-B29554F188D4}.Release|Any CPU.ActiveCfg = Release|Any CPU
		{6AB134CB-6F06-4857-909B-B29554F188D4}.Release|Any CPU.Build.0 = Release|Any CPU
	EndGlobalSection
	GlobalSection(SolutionProperties) = preSolution
		HideSolutionNode = FALSE
	EndGlobalSection
	GlobalSection(ExtensibilityGlobals) = postSolution
		SolutionGuid = {9DB64CD0-623C-498B-8FB4-1E219EDB5589}
	EndGlobalSection
EndGlobal
