
Microsoft Visual Studio Solution File, Format Version 12.00
Project("{FAE04EC0-301F-11D3-BF4B-00C04F79EFBC}") = "PlanetSalvator.Web.Client", "PlanetSalvator.Web\Client\PlanetSalvator.Web.Client.csproj", "{6E4E10AC-8F34-4AF2-AC6D-8FBC225CD2FF}"
EndProject
Project("{FAE04EC0-301F-11D3-BF4B-00C04F79EFBC}") = "PlanetSalvator.Web.Server", "PlanetSalvator.Web\Server\PlanetSalvator.Web.Server.csproj", "{ED925671-8EA6-424E-B759-EB8271BB4B40}"
EndProject
Project("{FAE04EC0-301F-11D3-BF4B-00C04F79EFBC}") = "PlanetSalvator.Web.Shared", "PlanetSalvator.Web\Shared\PlanetSalvator.Web.Shared.csproj", "{327B88C3-981D-4EBB-89A7-3ECEC5C731A2}"
EndProject
Global
	GlobalSection(SolutionConfigurationPlatforms) = preSolution
		Debug|Any CPU = Debug|Any CPU
		Release|Any CPU = Release|Any CPU
	EndGlobalSection
	GlobalSection(ProjectConfigurationPlatforms) = postSolution
		{6E4E10AC-8F34-4AF2-AC6D-8FBC225CD2FF}.Debug|Any CPU.ActiveCfg = Debug|Any CPU
		{6E4E10AC-8F34-4AF2-AC6D-8FBC225CD2FF}.Debug|Any CPU.Build.0 = Debug|Any CPU
		{6E4E10AC-8F34-4AF2-AC6D-8FBC225CD2FF}.Release|Any CPU.ActiveCfg = Release|Any CPU
		{6E4E10AC-8F34-4AF2-AC6D-8FBC225CD2FF}.Release|Any CPU.Build.0 = Release|Any CPU
		{ED925671-8EA6-424E-B759-EB8271BB4B40}.Debug|Any CPU.ActiveCfg = Debug|Any CPU
		{ED925671-8EA6-424E-B759-EB8271BB4B40}.Debug|Any CPU.Build.0 = Debug|Any CPU
		{ED925671-8EA6-424E-B759-EB8271BB4B40}.Release|Any CPU.ActiveCfg = Release|Any CPU
		{ED925671-8EA6-424E-B759-EB8271BB4B40}.Release|Any CPU.Build.0 = Release|Any CPU
		{327B88C3-981D-4EBB-89A7-3ECEC5C731A2}.Debug|Any CPU.ActiveCfg = Debug|Any CPU
		{327B88C3-981D-4EBB-89A7-3ECEC5C731A2}.Debug|Any CPU.Build.0 = Debug|Any CPU
		{327B88C3-981D-4EBB-89A7-3ECEC5C731A2}.Release|Any CPU.ActiveCfg = Release|Any CPU
		{327B88C3-981D-4EBB-89A7-3ECEC5C731A2}.Release|Any CPU.Build.0 = Release|Any CPU
	EndGlobalSection
EndGlobal
